
Microsoft Visual Studio Solution File, Format Version 12.00
# Visual Studio 15
VisualStudioVersion = 15.0.27703.2035
MinimumVisualStudioVersion = 10.0.40219.1
Project("{8BC9CEB8-8B4A-11D0-8D11-00A0C91BC942}") = "OpenGL_on_a_Windows_Form", "OpenGL_on_a_Windows_Form\OpenGL_on_a_Windows_Form.vcxproj", "{D4E3AB88-3877-41F4-B5A3-C792E545C848}"
EndProject
Global
	GlobalSection(SolutionConfigurationPlatforms) = preSolution
		Debug|Win32 = Debug|Win32
		Release|Win32 = Release|Win32
	EndGlobalSection
	GlobalSection(ProjectConfigurationPlatforms) = postSolution
		{D4E3AB88-3877-41F4-B5A3-C792E545C848}.Debug|Win32.ActiveCfg = Debug|Win32
		{D4E3AB88-3877-41F4-B5A3-C792E545C848}.Debug|Win32.Build.0 = Debug|Win32
		{D4E3AB88-3877-41F4-B5A3-C792E545C848}.Release|Win32.ActiveCfg = Release|Win32
		{D4E3AB88-3877-41F4-B5A3-C792E545C848}.Release|Win32.Build.0 = Release|Win32
	EndGlobalSection
	GlobalSection(SolutionProperties) = preSolution
		HideSolutionNode = FALSE
	EndGlobalSection
	GlobalSection(ExtensibilityGlobals) = postSolution
		SolutionGuid = {536152D2-559A-418C-A85E-53AFDB0F22D1}
	EndGlobalSection
EndGlobal
